
Microsoft Visual Studio Solution File, Format Version 12.00
# Visual Studio 14
VisualStudioVersion = 14.0.25420.1
MinimumVisualStudioVersion = 10.0.40219.1
Project("{FAE04EC0-301F-11D3-BF4B-00C04F79EFBC}") = "01. PersonalTitles", "Complex Conditional Statements\01. PersonalTitles.csproj", "{F949294B-12A4-4788-8225-082528B9611C}"
EndProject
Project("{FAE04EC0-301F-11D3-BF4B-00C04F79EFBC}") = "02. Small Shop", "02. Small Shop\02. Small Shop.csproj", "{1CC5478A-912C-4AF9-8B15-87B487EC183F}"
EndProject
Project("{FAE04EC0-301F-11D3-BF4B-00C04F79EFBC}") = "09. Day of Week", "09. Day of Week\09. Day of Week.csproj", "{9F7424D6-8945-48E3-816A-B710C40548F0}"
EndProject
Project("{FAE04EC0-301F-11D3-BF4B-00C04F79EFBC}") = "03. Point in Rectangle", "03. Point in Rectangle\03. Point in Rectangle.csproj", "{839FE949-B787-476D-BD8F-BA5D6F540E9A}"
EndProject
Project("{FAE04EC0-301F-11D3-BF4B-00C04F79EFBC}") = "04. Fruit or Vegetable", "04. Fruit or Vegetable\04. Fruit or Vegetable.csproj", "{17AF6905-2E83-4895-904F-01BA60B1E59C}"
EndProject
Project("{FAE04EC0-301F-11D3-BF4B-00C04F79EFBC}") = "05. Invalid Number", "05. Invalid Number\05. Invalid Number.csproj", "{66970400-13AC-4F1B-B904-E9C653A9E421}"
EndProject
Global
	GlobalSection(SolutionConfigurationPlatforms) = preSolution
		Debug|Any CPU = Debug|Any CPU
		Release|Any CPU = Release|Any CPU
	EndGlobalSection
	GlobalSection(ProjectConfigurationPlatforms) = postSolution
		{F949294B-12A4-4788-8225-082528B9611C}.Debug|Any CPU.ActiveCfg = Debug|Any CPU
		{F949294B-12A4-4788-8225-082528B9611C}.Debug|Any CPU.Build.0 = Debug|Any CPU
		{F949294B-12A4-4788-8225-082528B9611C}.Release|Any CPU.ActiveCfg = Release|Any CPU
		{F949294B-12A4-4788-8225-082528B9611C}.Release|Any CPU.Build.0 = Release|Any CPU
		{1CC5478A-912C-4AF9-8B15-87B487EC183F}.Debug|Any CPU.ActiveCfg = Debug|Any CPU
		{1CC5478A-912C-4AF9-8B15-87B487EC183F}.Debug|Any CPU.Build.0 = Debug|Any CPU
		{1CC5478A-912C-4AF9-8B15-87B487EC183F}.Release|Any CPU.ActiveCfg = Release|Any CPU
		{1CC5478A-912C-4AF9-8B15-87B487EC183F}.Release|Any CPU.Build.0 = Release|Any CPU
		{9F7424D6-8945-48E3-816A-B710C40548F0}.Debug|Any CPU.ActiveCfg = Debug|Any CPU
		{9F7424D6-8945-48E3-816A-B710C40548F0}.Debug|Any CPU.Build.0 = Debug|Any CPU
		{9F7424D6-8945-48E3-816A-B710C40548F0}.Release|Any CPU.ActiveCfg = Release|Any CPU
		{9F7424D6-8945-48E3-816A-B710C40548F0}.Release|Any CPU.Build.0 = Release|Any CPU
		{839FE949-B787-476D-BD8F-BA5D6F540E9A}.Debug|Any CPU.ActiveCfg = Debug|Any CPU
		{839FE949-B787-476D-BD8F-BA5D6F540E9A}.Debug|Any CPU.Build.0 = Debug|Any CPU
		{839FE949-B787-476D-BD8F-BA5D6F540E9A}.Release|Any CPU.ActiveCfg = Release|Any CPU
		{839FE949-B787-476D-BD8F-BA5D6F540E9A}.Release|Any CPU.Build.0 = Release|Any CPU
		{17AF6905-2E83-4895-904F-01BA60B1E59C}.Debug|Any CPU.ActiveCfg = Debug|Any CPU
		{17AF6905-2E83-4895-904F-01BA60B1E59C}.Debug|Any CPU.Build.0 = Debug|Any CPU
		{17AF6905-2E83-4895-904F-01BA60B1E59C}.Release|Any CPU.ActiveCfg = Release|Any CPU
		{17AF6905-2E83-4895-904F-01BA60B1E59C}.Release|Any CPU.Build.0 = Release|Any CPU
		{66970400-13AC-4F1B-B904-E9C653A9E421}.Debug|Any CPU.ActiveCfg = Debug|Any CPU
		{66970400-13AC-4F1B-B904-E9C653A9E421}.Debug|Any CPU.Build.0 = Debug|Any CPU
		{66970400-13AC-4F1B-B904-E9C653A9E421}.Release|Any CPU.ActiveCfg = Release|Any CPU
		{66970400-13AC-4F1B-B904-E9C653A9E421}.Release|Any CPU.Build.0 = Release|Any CPU
	EndGlobalSection
	GlobalSection(SolutionProperties) = preSolution
		HideSolutionNode = FALSE
	EndGlobalSection
EndGlobal
