
Microsoft Visual Studio Solution File, Format Version 12.00
# Visual Studio 14
VisualStudioVersion = 14.0.25420.1
MinimumVisualStudioVersion = 10.0.40219.1
Project("{FAE04EC0-301F-11D3-BF4B-00C04F79EFBC}") = "01. PersonalTitles", "Complex Conditional Statements\01. PersonalTitles.csproj", "{F949294B-12A4-4788-8225-082528B9611C}"
EndProject
Project("{FAE04EC0-301F-11D3-BF4B-00C04F79EFBC}") = "02. Small Shop", "02. Small Shop\02. Small Shop.csproj", "{1CC5478A-912C-4AF9-8B15-87B487EC183F}"
EndProject
Project("{FAE04EC0-301F-11D3-BF4B-00C04F79EFBC}") = "09. Day of Week", "09. Day of Week\09. Day of Week.csproj", "{9F7424D6-8945-48E3-816A-B710C40548F0}"
EndProject
Project("{FAE04EC0-301F-11D3-BF4B-00C04F79EFBC}") = "03. Point in Rectangle", "03. Point in Rectangle\03. Point in Rectangle.csproj", "{839FE949-B787-476D-BD8F-BA5D6F540E9A}"
EndProject
Project("{FAE04EC0-301F-11D3-BF4B-00C04F79EFBC}") = "04. Fruit or Vegetable", "04. Fruit or Vegetable\04. Fruit or Vegetable.csproj", "{17AF6905-2E83-4895-904F-01BA60B1E59C}"
EndProject
Project("{FAE04EC0-301F-11D3-BF4B-00C04F79EFBC}") = "05. Invalid Number", "05. Invalid Number\05. Invalid Number.csproj", "{66970400-13AC-4F1B-B904-E9C653A9E421}"
EndProject
Project("{FAE04EC0-301F-11D3-BF4B-00C04F79EFBC}") = "06. Point on Rectangle Border", "06. Point on Rectangle Border\06. Point on Rectangle Border.csproj", "{F9BB2149-491D-47A7-AE28-D64F76F04F17}"
EndProject
Project("{FAE04EC0-301F-11D3-BF4B-00C04F79EFBC}") = "07. Fruit Shop", "07. Fruit Shop\07. Fruit Shop.csproj", "{1E07F65B-CAC1-4168-96F0-5E7703F0F394}"
EndProject
Project("{FAE04EC0-301F-11D3-BF4B-00C04F79EFBC}") = "08. Trade Comissions", "08. Trade Comissions\08. Trade Comissions.csproj", "{4F42EB32-1E5F-4D9D-B7A5-1206CBD8F257}"
EndProject
Project("{FAE04EC0-301F-11D3-BF4B-00C04F79EFBC}") = "10. Animal Type", "10. Animal Type\10. Animal Type.csproj", "{1BCB54C3-9FEC-4910-8A01-21E502747350}"
EndProject
Project("{FAE04EC0-301F-11D3-BF4B-00C04F79EFBC}") = "12. Cinema", "12. Cinema\12. Cinema.csproj", "{0F832849-0FA3-4929-AC49-BA21EE89C9DE}"
EndProject
Project("{FAE04EC0-301F-11D3-BF4B-00C04F79EFBC}") = "13. Volleyball", "13. Volleyball\13. Volleyball.csproj", "{D79E7C68-2158-4F1B-ADF6-08C9E34E96D0}"
EndProject
Project("{FAE04EC0-301F-11D3-BF4B-00C04F79EFBC}") = "14. Point in the Figure", "14. Point in the Figure\14. Point in the Figure.csproj", "{C8A9FD09-0242-4D4F-B1A8-AA237B61A3FC}"
EndProject
Project("{FAE04EC0-301F-11D3-BF4B-00C04F79EFBC}") = "15. ON TIME", "15. ON TIME\15. ON TIME.csproj", "{66C76902-3F96-457B-8627-9BF76039F6F7}"
EndProject
Global
	GlobalSection(SolutionConfigurationPlatforms) = preSolution
		Debug|Any CPU = Debug|Any CPU
		Release|Any CPU = Release|Any CPU
	EndGlobalSection
	GlobalSection(ProjectConfigurationPlatforms) = postSolution
		{F949294B-12A4-4788-8225-082528B9611C}.Debug|Any CPU.ActiveCfg = Debug|Any CPU
		{F949294B-12A4-4788-8225-082528B9611C}.Debug|Any CPU.Build.0 = Debug|Any CPU
		{F949294B-12A4-4788-8225-082528B9611C}.Release|Any CPU.ActiveCfg = Release|Any CPU
		{F949294B-12A4-4788-8225-082528B9611C}.Release|Any CPU.Build.0 = Release|Any CPU
		{1CC5478A-912C-4AF9-8B15-87B487EC183F}.Debug|Any CPU.ActiveCfg = Debug|Any CPU
		{1CC5478A-912C-4AF9-8B15-87B487EC183F}.Debug|Any CPU.Build.0 = Debug|Any CPU
		{1CC5478A-912C-4AF9-8B15-87B487EC183F}.Release|Any CPU.ActiveCfg = Release|Any CPU
		{1CC5478A-912C-4AF9-8B15-87B487EC183F}.Release|Any CPU.Build.0 = Release|Any CPU
		{9F7424D6-8945-48E3-816A-B710C40548F0}.Debug|Any CPU.ActiveCfg = Debug|Any CPU
		{9F7424D6-8945-48E3-816A-B710C40548F0}.Debug|Any CPU.Build.0 = Debug|Any CPU
		{9F7424D6-8945-48E3-816A-B710C40548F0}.Release|Any CPU.ActiveCfg = Release|Any CPU
		{9F7424D6-8945-48E3-816A-B710C40548F0}.Release|Any CPU.Build.0 = Release|Any CPU
		{839FE949-B787-476D-BD8F-BA5D6F540E9A}.Debug|Any CPU.ActiveCfg = Debug|Any CPU
		{839FE949-B787-476D-BD8F-BA5D6F540E9A}.Debug|Any CPU.Build.0 = Debug|Any CPU
		{839FE949-B787-476D-BD8F-BA5D6F540E9A}.Release|Any CPU.ActiveCfg = Release|Any CPU
		{839FE949-B787-476D-BD8F-BA5D6F540E9A}.Release|Any CPU.Build.0 = Release|Any CPU
		{17AF6905-2E83-4895-904F-01BA60B1E59C}.Debug|Any CPU.ActiveCfg = Debug|Any CPU
		{17AF6905-2E83-4895-904F-01BA60B1E59C}.Debug|Any CPU.Build.0 = Debug|Any CPU
		{17AF6905-2E83-4895-904F-01BA60B1E59C}.Release|Any CPU.ActiveCfg = Release|Any CPU
		{17AF6905-2E83-4895-904F-01BA60B1E59C}.Release|Any CPU.Build.0 = Release|Any CPU
		{66970400-13AC-4F1B-B904-E9C653A9E421}.Debug|Any CPU.ActiveCfg = Debug|Any CPU
		{66970400-13AC-4F1B-B904-E9C653A9E421}.Debug|Any CPU.Build.0 = Debug|Any CPU
		{66970400-13AC-4F1B-B904-E9C653A9E421}.Release|Any CPU.ActiveCfg = Release|Any CPU
		{66970400-13AC-4F1B-B904-E9C653A9E421}.Release|Any CPU.Build.0 = Release|Any CPU
		{F9BB2149-491D-47A7-AE28-D64F76F04F17}.Debug|Any CPU.ActiveCfg = Debug|Any CPU
		{F9BB2149-491D-47A7-AE28-D64F76F04F17}.Debug|Any CPU.Build.0 = Debug|Any CPU
		{F9BB2149-491D-47A7-AE28-D64F76F04F17}.Release|Any CPU.ActiveCfg = Release|Any CPU
		{F9BB2149-491D-47A7-AE28-D64F76F04F17}.Release|Any CPU.Build.0 = Release|Any CPU
		{1E07F65B-CAC1-4168-96F0-5E7703F0F394}.Debug|Any CPU.ActiveCfg = Debug|Any CPU
		{1E07F65B-CAC1-4168-96F0-5E7703F0F394}.Debug|Any CPU.Build.0 = Debug|Any CPU
		{1E07F65B-CAC1-4168-96F0-5E7703F0F394}.Release|Any CPU.ActiveCfg = Release|Any CPU
		{1E07F65B-CAC1-4168-96F0-5E7703F0F394}.Release|Any CPU.Build.0 = Release|Any CPU
		{4F42EB32-1E5F-4D9D-B7A5-1206CBD8F257}.Debug|Any CPU.ActiveCfg = Debug|Any CPU
		{4F42EB32-1E5F-4D9D-B7A5-1206CBD8F257}.Debug|Any CPU.Build.0 = Debug|Any CPU
		{4F42EB32-1E5F-4D9D-B7A5-1206CBD8F257}.Release|Any CPU.ActiveCfg = Release|Any CPU
		{4F42EB32-1E5F-4D9D-B7A5-1206CBD8F257}.Release|Any CPU.Build.0 = Release|Any CPU
		{1BCB54C3-9FEC-4910-8A01-21E502747350}.Debug|Any CPU.ActiveCfg = Debug|Any CPU
		{1BCB54C3-9FEC-4910-8A01-21E502747350}.Debug|Any CPU.Build.0 = Debug|Any CPU
		{1BCB54C3-9FEC-4910-8A01-21E502747350}.Release|Any CPU.ActiveCfg = Release|Any CPU
		{1BCB54C3-9FEC-4910-8A01-21E502747350}.Release|Any CPU.Build.0 = Release|Any CPU
		{0F832849-0FA3-4929-AC49-BA21EE89C9DE}.Debug|Any CPU.ActiveCfg = Debug|Any CPU
		{0F832849-0FA3-4929-AC49-BA21EE89C9DE}.Debug|Any CPU.Build.0 = Debug|Any CPU
		{0F832849-0FA3-4929-AC49-BA21EE89C9DE}.Release|Any CPU.ActiveCfg = Release|Any CPU
		{0F832849-0FA3-4929-AC49-BA21EE89C9DE}.Release|Any CPU.Build.0 = Release|Any CPU
		{D79E7C68-2158-4F1B-ADF6-08C9E34E96D0}.Debug|Any CPU.ActiveCfg = Debug|Any CPU
		{D79E7C68-2158-4F1B-ADF6-08C9E34E96D0}.Debug|Any CPU.Build.0 = Debug|Any CPU
		{D79E7C68-2158-4F1B-ADF6-08C9E34E96D0}.Release|Any CPU.ActiveCfg = Release|Any CPU
		{D79E7C68-2158-4F1B-ADF6-08C9E34E96D0}.Release|Any CPU.Build.0 = Release|Any CPU
		{C8A9FD09-0242-4D4F-B1A8-AA237B61A3FC}.Debug|Any CPU.ActiveCfg = Debug|Any CPU
		{C8A9FD09-0242-4D4F-B1A8-AA237B61A3FC}.Debug|Any CPU.Build.0 = Debug|Any CPU
		{C8A9FD09-0242-4D4F-B1A8-AA237B61A3FC}.Release|Any CPU.ActiveCfg = Release|Any CPU
		{C8A9FD09-0242-4D4F-B1A8-AA237B61A3FC}.Release|Any CPU.Build.0 = Release|Any CPU
		{66C76902-3F96-457B-8627-9BF76039F6F7}.Debug|Any CPU.ActiveCfg = Debug|Any CPU
		{66C76902-3F96-457B-8627-9BF76039F6F7}.Debug|Any CPU.Build.0 = Debug|Any CPU
		{66C76902-3F96-457B-8627-9BF76039F6F7}.Release|Any CPU.ActiveCfg = Release|Any CPU
		{66C76902-3F96-457B-8627-9BF76039F6F7}.Release|Any CPU.Build.0 = Release|Any CPU
	EndGlobalSection
	GlobalSection(SolutionProperties) = preSolution
		HideSolutionNode = FALSE
	EndGlobalSection
EndGlobal
