
Microsoft Visual Studio Solution File, Format Version 12.00
# Visual Studio 14
VisualStudioVersion = 14.0.25420.1
MinimumVisualStudioVersion = 10.0.40219.1
Project("{FAE04EC0-301F-11D3-BF4B-00C04F79EFBC}") = "1. Popravka na plochki", "1. Popravka na plochki\1. Popravka na plochki.csproj", "{484FFCD0-09D2-4A2F-9805-EB7B850A9992}"
EndProject
Project("{FAE04EC0-301F-11D3-BF4B-00C04F79EFBC}") = "2. Sleepy cat Tom", "2. Sleepy cat Tom\2. Sleepy cat Tom.csproj", "{1C99521E-455B-4C1B-A655-E2AF21E00E66}"
EndProject
Project("{FAE04EC0-301F-11D3-BF4B-00C04F79EFBC}") = "3. SmartLilly", "3. SmartLilly\3. SmartLilly.csproj", "{ADAAB7DE-E3AB-46F9-A6A9-02051933C385}"
EndProject
Global
	GlobalSection(SolutionConfigurationPlatforms) = preSolution
		Debug|Any CPU = Debug|Any CPU
		Release|Any CPU = Release|Any CPU
	EndGlobalSection
	GlobalSection(ProjectConfigurationPlatforms) = postSolution
		{484FFCD0-09D2-4A2F-9805-EB7B850A9992}.Debug|Any CPU.ActiveCfg = Debug|Any CPU
		{484FFCD0-09D2-4A2F-9805-EB7B850A9992}.Debug|Any CPU.Build.0 = Debug|Any CPU
		{484FFCD0-09D2-4A2F-9805-EB7B850A9992}.Release|Any CPU.ActiveCfg = Release|Any CPU
		{484FFCD0-09D2-4A2F-9805-EB7B850A9992}.Release|Any CPU.Build.0 = Release|Any CPU
		{1C99521E-455B-4C1B-A655-E2AF21E00E66}.Debug|Any CPU.ActiveCfg = Debug|Any CPU
		{1C99521E-455B-4C1B-A655-E2AF21E00E66}.Debug|Any CPU.Build.0 = Debug|Any CPU
		{1C99521E-455B-4C1B-A655-E2AF21E00E66}.Release|Any CPU.ActiveCfg = Release|Any CPU
		{1C99521E-455B-4C1B-A655-E2AF21E00E66}.Release|Any CPU.Build.0 = Release|Any CPU
		{ADAAB7DE-E3AB-46F9-A6A9-02051933C385}.Debug|Any CPU.ActiveCfg = Debug|Any CPU
		{ADAAB7DE-E3AB-46F9-A6A9-02051933C385}.Debug|Any CPU.Build.0 = Debug|Any CPU
		{ADAAB7DE-E3AB-46F9-A6A9-02051933C385}.Release|Any CPU.ActiveCfg = Release|Any CPU
		{ADAAB7DE-E3AB-46F9-A6A9-02051933C385}.Release|Any CPU.Build.0 = Release|Any CPU
	EndGlobalSection
	GlobalSection(SolutionProperties) = preSolution
		HideSolutionNode = FALSE
	EndGlobalSection
EndGlobal
